// !$*UTF8*$!
{
	archiveVersion = 1;
	classes = {
	};
	objectVersion = 51;
	objects = {

/* Begin PBXBuildFile section */
		240229CA243EE45500DBF3A9 /* SeeAllViewController.swift in Sources */ = {isa = PBXBuildFile; fileRef = 240229C9243EE45500DBF3A9 /* SeeAllViewController.swift */; };
		240229CC243F164600DBF3A9 /* MovieReviewViewController.swift in Sources */ = {isa = PBXBuildFile; fileRef = 240229CB243F164600DBF3A9 /* MovieReviewViewController.swift */; };
		240229CE243F16F400DBF3A9 /* Review.swift in Sources */ = {isa = PBXBuildFile; fileRef = 240229CD243F16F400DBF3A9 /* Review.swift */; };
		240229D1243F196500DBF3A9 /* ReviewTableViewCell.swift in Sources */ = {isa = PBXBuildFile; fileRef = 240229CF243F196500DBF3A9 /* ReviewTableViewCell.swift */; };
		240229D2243F196500DBF3A9 /* ReviewTableViewCell.xib in Resources */ = {isa = PBXBuildFile; fileRef = 240229D0243F196500DBF3A9 /* ReviewTableViewCell.xib */; };
		240BD08124481C13009806B2 /* FavoriteViewController.swift in Sources */ = {isa = PBXBuildFile; fileRef = 240BD08024481C13009806B2 /* FavoriteViewController.swift */; };
		2411612924459A8900854B89 /* FirebaseManager.swift in Sources */ = {isa = PBXBuildFile; fileRef = 2411612824459A8800854B89 /* FirebaseManager.swift */; };
		2411612B24459E7E00854B89 /* User.swift in Sources */ = {isa = PBXBuildFile; fileRef = 2411612A24459E7E00854B89 /* User.swift */; };
		2431A4DD243C34A900E7A62C /* AppDelegate.swift in Sources */ = {isa = PBXBuildFile; fileRef = 2431A4DC243C34A900E7A62C /* AppDelegate.swift */; };
		2431A4DF243C34A900E7A62C /* SceneDelegate.swift in Sources */ = {isa = PBXBuildFile; fileRef = 2431A4DE243C34A900E7A62C /* SceneDelegate.swift */; };
		2431A4E1243C34A900E7A62C /* ViewController.swift in Sources */ = {isa = PBXBuildFile; fileRef = 2431A4E0243C34A900E7A62C /* ViewController.swift */; };
		2431A4E4243C34A900E7A62C /* Main.storyboard in Resources */ = {isa = PBXBuildFile; fileRef = 2431A4E2243C34A900E7A62C /* Main.storyboard */; };
		2431A4E6243C34AC00E7A62C /* Assets.xcassets in Resources */ = {isa = PBXBuildFile; fileRef = 2431A4E5243C34AC00E7A62C /* Assets.xcassets */; };
		2431A4E9243C34AC00E7A62C /* LaunchScreen.storyboard in Resources */ = {isa = PBXBuildFile; fileRef = 2431A4E7243C34AC00E7A62C /* LaunchScreen.storyboard */; };
		2431A4F5243C36AB00E7A62C /* NetworkManager.swift in Sources */ = {isa = PBXBuildFile; fileRef = 2431A4F4243C36AA00E7A62C /* NetworkManager.swift */; };
		2431A4F8243C3DF100E7A62C /* Movie.swift in Sources */ = {isa = PBXBuildFile; fileRef = 2431A4F7243C3DF100E7A62C /* Movie.swift */; };
		2431A4FA243C3E0100E7A62C /* Genre.swift in Sources */ = {isa = PBXBuildFile; fileRef = 2431A4F9243C3E0100E7A62C /* Genre.swift */; };
		2431A4FE243C41C800E7A62C /* MovieDetailViewController.swift in Sources */ = {isa = PBXBuildFile; fileRef = 2431A4FD243C41C800E7A62C /* MovieDetailViewController.swift */; };
		2431A50B243C447700E7A62C /* PopularViewCell.swift in Sources */ = {isa = PBXBuildFile; fileRef = 2431A509243C447700E7A62C /* PopularViewCell.swift */; };
		2431A50C243C447700E7A62C /* PopularViewCell.xib in Resources */ = {isa = PBXBuildFile; fileRef = 2431A50A243C447700E7A62C /* PopularViewCell.xib */; };
		2431A50F243C44C000E7A62C /* MovieCollectionViewCell.swift in Sources */ = {isa = PBXBuildFile; fileRef = 2431A50D243C44C000E7A62C /* MovieCollectionViewCell.swift */; };
		2431A510243C44C000E7A62C /* MovieCollectionViewCell.xib in Resources */ = {isa = PBXBuildFile; fileRef = 2431A50E243C44C000E7A62C /* MovieCollectionViewCell.xib */; };
		2431A514243C861D00E7A62C /* MovieAboutViewController.swift in Sources */ = {isa = PBXBuildFile; fileRef = 2431A513243C861D00E7A62C /* MovieAboutViewController.swift */; };
		24432A48243D9DBC00421E35 /* Pods_iplix.framework in Frameworks */ = {isa = PBXBuildFile; fileRef = 59B408CB68927379C3E9DE9F /* Pods_iplix.framework */; };
		24432A54243DAB3D00421E35 /* SearchViewController.swift in Sources */ = {isa = PBXBuildFile; fileRef = 24432A53243DAB3D00421E35 /* SearchViewController.swift */; };
		24432A57243DB7D400421E35 /* SearchTableViewCell.swift in Sources */ = {isa = PBXBuildFile; fileRef = 24432A55243DB7D400421E35 /* SearchTableViewCell.swift */; };
		24432A58243DB7D400421E35 /* SearchTableViewCell.xib in Resources */ = {isa = PBXBuildFile; fileRef = 24432A56243DB7D400421E35 /* SearchTableViewCell.xib */; };
		245888A12446F98600F7511F /* FavoriteMovie.swift in Sources */ = {isa = PBXBuildFile; fileRef = 245888A02446F98600F7511F /* FavoriteMovie.swift */; };
		245888A32446FE5900F7511F /* RealmManager.swift in Sources */ = {isa = PBXBuildFile; fileRef = 245888A22446FE5900F7511F /* RealmManager.swift */; };
		245FD3A5243D883300C6A0D6 /* MovieInformationViewController.swift in Sources */ = {isa = PBXBuildFile; fileRef = 245FD3A4243D883300C6A0D6 /* MovieInformationViewController.swift */; };
		245FD3A7243D8FE600C6A0D6 /* MovieDetail.swift in Sources */ = {isa = PBXBuildFile; fileRef = 245FD3A6243D8FE600C6A0D6 /* MovieDetail.swift */; };
		24A6E66324405517003F6EE6 /* PersonDetailViewController.swift in Sources */ = {isa = PBXBuildFile; fileRef = 24A6E66224405517003F6EE6 /* PersonDetailViewController.swift */; };
		24C825FE2440304D004944E8 /* PersonCollectionViewCell.swift in Sources */ = {isa = PBXBuildFile; fileRef = 24C825FC2440304D004944E8 /* PersonCollectionViewCell.swift */; };
		24C825FF2440304D004944E8 /* PersonCollectionViewCell.xib in Resources */ = {isa = PBXBuildFile; fileRef = 24C825FD2440304D004944E8 /* PersonCollectionViewCell.xib */; };
		24C8260224403378004944E8 /* PersonTableViewCell.swift in Sources */ = {isa = PBXBuildFile; fileRef = 24C8260024403378004944E8 /* PersonTableViewCell.swift */; };
		24C8260324403378004944E8 /* PersonTableViewCell.xib in Resources */ = {isa = PBXBuildFile; fileRef = 24C8260124403378004944E8 /* PersonTableViewCell.xib */; };
		24C8260524403566004944E8 /* Person.swift in Sources */ = {isa = PBXBuildFile; fileRef = 24C8260424403566004944E8 /* Person.swift */; };
		24DCDCD22444352B00C45497 /* GoogleService-Info.plist in Resources */ = {isa = PBXBuildFile; fileRef = 24DCDCD12444352B00C45497 /* GoogleService-Info.plist */; };
		24DCDCD424444D8E00C45497 /* AccountViewController.swift in Sources */ = {isa = PBXBuildFile; fileRef = 24DCDCD324444D8E00C45497 /* AccountViewController.swift */; };
		24DCDCD6244452C100C45497 /* ProfileViewController.swift in Sources */ = {isa = PBXBuildFile; fileRef = 24DCDCD5244452C100C45497 /* ProfileViewController.swift */; };
		24DCDCD82444532E00C45497 /* AccountAuthViewController.swift in Sources */ = {isa = PBXBuildFile; fileRef = 24DCDCD72444532E00C45497 /* AccountAuthViewController.swift */; };
		24DCDCDC24445FF200C45497 /* LoginViewController.swift in Sources */ = {isa = PBXBuildFile; fileRef = 24DCDCDB24445FF200C45497 /* LoginViewController.swift */; };
		24DCDCDE2444600400C45497 /* RegisterViewController.swift in Sources */ = {isa = PBXBuildFile; fileRef = 24DCDCDD2444600400C45497 /* RegisterViewController.swift */; };
/* End PBXBuildFile section */

/* Begin PBXFileReference section */
		240229C9243EE45500DBF3A9 /* SeeAllViewController.swift */ = {isa = PBXFileReference; lastKnownFileType = sourcecode.swift; path = SeeAllViewController.swift; sourceTree = "<group>"; };
		240229CB243F164600DBF3A9 /* MovieReviewViewController.swift */ = {isa = PBXFileReference; lastKnownFileType = sourcecode.swift; path = MovieReviewViewController.swift; sourceTree = "<group>"; };
		240229CD243F16F400DBF3A9 /* Review.swift */ = {isa = PBXFileReference; lastKnownFileType = sourcecode.swift; path = Review.swift; sourceTree = "<group>"; };
		240229CF243F196500DBF3A9 /* ReviewTableViewCell.swift */ = {isa = PBXFileReference; lastKnownFileType = sourcecode.swift; path = ReviewTableViewCell.swift; sourceTree = "<group>"; };
		240229D0243F196500DBF3A9 /* ReviewTableViewCell.xib */ = {isa = PBXFileReference; lastKnownFileType = file.xib; path = ReviewTableViewCell.xib; sourceTree = "<group>"; };
		240BD08024481C13009806B2 /* FavoriteViewController.swift */ = {isa = PBXFileReference; lastKnownFileType = sourcecode.swift; path = FavoriteViewController.swift; sourceTree = "<group>"; };
		2411612824459A8800854B89 /* FirebaseManager.swift */ = {isa = PBXFileReference; lastKnownFileType = sourcecode.swift; path = FirebaseManager.swift; sourceTree = "<group>"; };
		2411612A24459E7E00854B89 /* User.swift */ = {isa = PBXFileReference; lastKnownFileType = sourcecode.swift; path = User.swift; sourceTree = "<group>"; };
		2431A4D9243C34A900E7A62C /* iplix.app */ = {isa = PBXFileReference; explicitFileType = wrapper.application; includeInIndex = 0; path = iplix.app; sourceTree = BUILT_PRODUCTS_DIR; };
		2431A4DC243C34A900E7A62C /* AppDelegate.swift */ = {isa = PBXFileReference; lastKnownFileType = sourcecode.swift; path = AppDelegate.swift; sourceTree = "<group>"; };
		2431A4DE243C34A900E7A62C /* SceneDelegate.swift */ = {isa = PBXFileReference; lastKnownFileType = sourcecode.swift; path = SceneDelegate.swift; sourceTree = "<group>"; };
		2431A4E0243C34A900E7A62C /* ViewController.swift */ = {isa = PBXFileReference; lastKnownFileType = sourcecode.swift; path = ViewController.swift; sourceTree = "<group>"; };
		2431A4E3243C34A900E7A62C /* Base */ = {isa = PBXFileReference; lastKnownFileType = file.storyboard; name = Base; path = Base.lproj/Main.storyboard; sourceTree = "<group>"; };
		2431A4E5243C34AC00E7A62C /* Assets.xcassets */ = {isa = PBXFileReference; lastKnownFileType = folder.assetcatalog; path = Assets.xcassets; sourceTree = "<group>"; };
		2431A4E8243C34AC00E7A62C /* Base */ = {isa = PBXFileReference; lastKnownFileType = file.storyboard; name = Base; path = Base.lproj/LaunchScreen.storyboard; sourceTree = "<group>"; };
		2431A4EA243C34AC00E7A62C /* Info.plist */ = {isa = PBXFileReference; lastKnownFileType = text.plist.xml; path = Info.plist; sourceTree = "<group>"; };
		2431A4F4243C36AA00E7A62C /* NetworkManager.swift */ = {isa = PBXFileReference; lastKnownFileType = sourcecode.swift; path = NetworkManager.swift; sourceTree = "<group>"; };
		2431A4F7243C3DF100E7A62C /* Movie.swift */ = {isa = PBXFileReference; lastKnownFileType = sourcecode.swift; path = Movie.swift; sourceTree = "<group>"; };
		2431A4F9243C3E0100E7A62C /* Genre.swift */ = {isa = PBXFileReference; lastKnownFileType = sourcecode.swift; path = Genre.swift; sourceTree = "<group>"; };
		2431A4FD243C41C800E7A62C /* MovieDetailViewController.swift */ = {isa = PBXFileReference; lastKnownFileType = sourcecode.swift; path = MovieDetailViewController.swift; sourceTree = "<group>"; };
		2431A509243C447700E7A62C /* PopularViewCell.swift */ = {isa = PBXFileReference; lastKnownFileType = sourcecode.swift; path = PopularViewCell.swift; sourceTree = "<group>"; };
		2431A50A243C447700E7A62C /* PopularViewCell.xib */ = {isa = PBXFileReference; lastKnownFileType = file.xib; path = PopularViewCell.xib; sourceTree = "<group>"; };
		2431A50D243C44C000E7A62C /* MovieCollectionViewCell.swift */ = {isa = PBXFileReference; lastKnownFileType = sourcecode.swift; path = MovieCollectionViewCell.swift; sourceTree = "<group>"; };
		2431A50E243C44C000E7A62C /* MovieCollectionViewCell.xib */ = {isa = PBXFileReference; lastKnownFileType = file.xib; path = MovieCollectionViewCell.xib; sourceTree = "<group>"; };
		2431A513243C861D00E7A62C /* MovieAboutViewController.swift */ = {isa = PBXFileReference; lastKnownFileType = sourcecode.swift; path = MovieAboutViewController.swift; sourceTree = "<group>"; };
		24432A4B243D9DCF00421E35 /* Alamofire.framework */ = {isa = PBXFileReference; explicitFileType = wrapper.framework; path = Alamofire.framework; sourceTree = BUILT_PRODUCTS_DIR; };
		24432A53243DAB3D00421E35 /* SearchViewController.swift */ = {isa = PBXFileReference; lastKnownFileType = sourcecode.swift; path = SearchViewController.swift; sourceTree = "<group>"; };
		24432A55243DB7D400421E35 /* SearchTableViewCell.swift */ = {isa = PBXFileReference; lastKnownFileType = sourcecode.swift; path = SearchTableViewCell.swift; sourceTree = "<group>"; };
		24432A56243DB7D400421E35 /* SearchTableViewCell.xib */ = {isa = PBXFileReference; lastKnownFileType = file.xib; path = SearchTableViewCell.xib; sourceTree = "<group>"; };
		245888A02446F98600F7511F /* FavoriteMovie.swift */ = {isa = PBXFileReference; lastKnownFileType = sourcecode.swift; path = FavoriteMovie.swift; sourceTree = "<group>"; };
		245888A22446FE5900F7511F /* RealmManager.swift */ = {isa = PBXFileReference; lastKnownFileType = sourcecode.swift; path = RealmManager.swift; sourceTree = "<group>"; };
		245FD3A4243D883300C6A0D6 /* MovieInformationViewController.swift */ = {isa = PBXFileReference; lastKnownFileType = sourcecode.swift; path = MovieInformationViewController.swift; sourceTree = "<group>"; };
		245FD3A6243D8FE600C6A0D6 /* MovieDetail.swift */ = {isa = PBXFileReference; lastKnownFileType = sourcecode.swift; path = MovieDetail.swift; sourceTree = "<group>"; };
		24A6E66224405517003F6EE6 /* PersonDetailViewController.swift */ = {isa = PBXFileReference; lastKnownFileType = sourcecode.swift; path = PersonDetailViewController.swift; sourceTree = "<group>"; };
		24C825FC2440304D004944E8 /* PersonCollectionViewCell.swift */ = {isa = PBXFileReference; lastKnownFileType = sourcecode.swift; path = PersonCollectionViewCell.swift; sourceTree = "<group>"; };
		24C825FD2440304D004944E8 /* PersonCollectionViewCell.xib */ = {isa = PBXFileReference; lastKnownFileType = file.xib; path = PersonCollectionViewCell.xib; sourceTree = "<group>"; };
		24C8260024403378004944E8 /* PersonTableViewCell.swift */ = {isa = PBXFileReference; lastKnownFileType = sourcecode.swift; path = PersonTableViewCell.swift; sourceTree = "<group>"; };
		24C8260124403378004944E8 /* PersonTableViewCell.xib */ = {isa = PBXFileReference; lastKnownFileType = file.xib; path = PersonTableViewCell.xib; sourceTree = "<group>"; };
		24C8260424403566004944E8 /* Person.swift */ = {isa = PBXFileReference; lastKnownFileType = sourcecode.swift; path = Person.swift; sourceTree = "<group>"; };
		24DCDCD12444352B00C45497 /* GoogleService-Info.plist */ = {isa = PBXFileReference; fileEncoding = 4; lastKnownFileType = text.plist.xml; path = "GoogleService-Info.plist"; sourceTree = "<group>"; };
		24DCDCD324444D8E00C45497 /* AccountViewController.swift */ = {isa = PBXFileReference; lastKnownFileType = sourcecode.swift; path = AccountViewController.swift; sourceTree = "<group>"; };
		24DCDCD5244452C100C45497 /* ProfileViewController.swift */ = {isa = PBXFileReference; lastKnownFileType = sourcecode.swift; path = ProfileViewController.swift; sourceTree = "<group>"; };
		24DCDCD72444532E00C45497 /* AccountAuthViewController.swift */ = {isa = PBXFileReference; lastKnownFileType = sourcecode.swift; path = AccountAuthViewController.swift; sourceTree = "<group>"; };
		24DCDCDB24445FF200C45497 /* LoginViewController.swift */ = {isa = PBXFileReference; lastKnownFileType = sourcecode.swift; path = LoginViewController.swift; sourceTree = "<group>"; };
		24DCDCDD2444600400C45497 /* RegisterViewController.swift */ = {isa = PBXFileReference; lastKnownFileType = sourcecode.swift; path = RegisterViewController.swift; sourceTree = "<group>"; };
		59B408CB68927379C3E9DE9F /* Pods_iplix.framework */ = {isa = PBXFileReference; explicitFileType = wrapper.framework; includeInIndex = 0; path = Pods_iplix.framework; sourceTree = BUILT_PRODUCTS_DIR; };
		87DD48CBF05F9418B9F5FB57 /* Pods-iplix.debug.xcconfig */ = {isa = PBXFileReference; includeInIndex = 1; lastKnownFileType = text.xcconfig; name = "Pods-iplix.debug.xcconfig"; path = "Target Support Files/Pods-iplix/Pods-iplix.debug.xcconfig"; sourceTree = "<group>"; };
		E59D7F60F5A2C6E7182D89FE /* Pods-iplix.release.xcconfig */ = {isa = PBXFileReference; includeInIndex = 1; lastKnownFileType = text.xcconfig; name = "Pods-iplix.release.xcconfig"; path = "Target Support Files/Pods-iplix/Pods-iplix.release.xcconfig"; sourceTree = "<group>"; };
/* End PBXFileReference section */

/* Begin PBXFrameworksBuildPhase section */
		2431A4D6243C34A900E7A62C /* Frameworks */ = {
			isa = PBXFrameworksBuildPhase;
			buildActionMask = 2147483647;
			files = (
				24432A48243D9DBC00421E35 /* Pods_iplix.framework in Frameworks */,
			);
			runOnlyForDeploymentPostprocessing = 0;
		};
/* End PBXFrameworksBuildPhase section */

/* Begin PBXGroup section */
		2431A4D0243C34A900E7A62C = {
			isa = PBXGroup;
			children = (
				2431A4DB243C34A900E7A62C /* iplix */,
				2431A4DA243C34A900E7A62C /* Products */,
				A61D80B7475E700EFFB41C41 /* Pods */,
				EE110973CB97CAF610EFD32A /* Frameworks */,
			);
			sourceTree = "<group>";
		};
		2431A4DA243C34A900E7A62C /* Products */ = {
			isa = PBXGroup;
			children = (
				2431A4D9243C34A900E7A62C /* iplix.app */,
			);
			name = Products;
			sourceTree = "<group>";
		};
		2431A4DB243C34A900E7A62C /* iplix */ = {
			isa = PBXGroup;
			children = (
				2431A4F0243C362F00E7A62C /* Utilities */,
				2431A4F3243C365700E7A62C /* Models */,
				2431A4F2243C364700E7A62C /* Views */,
				2431A4F1243C363C00E7A62C /* Controllers */,
				2431A4DC243C34A900E7A62C /* AppDelegate.swift */,
				2431A4DE243C34A900E7A62C /* SceneDelegate.swift */,
				2431A4E5243C34AC00E7A62C /* Assets.xcassets */,
				2431A4E7243C34AC00E7A62C /* LaunchScreen.storyboard */,
				2431A4EA243C34AC00E7A62C /* Info.plist */,
				24DCDCD12444352B00C45497 /* GoogleService-Info.plist */,
			);
			path = iplix;
			sourceTree = "<group>";
		};
		2431A4F0243C362F00E7A62C /* Utilities */ = {
			isa = PBXGroup;
			children = (
				2431A4F4243C36AA00E7A62C /* NetworkManager.swift */,
				2411612824459A8800854B89 /* FirebaseManager.swift */,
				245888A22446FE5900F7511F /* RealmManager.swift */,
			);
			path = Utilities;
			sourceTree = "<group>";
		};
		2431A4F1243C363C00E7A62C /* Controllers */ = {
			isa = PBXGroup;
			children = (
				24DCDCD92444534400C45497 /* Account */,
				24432A5A243DD75B00421E35 /* Movie Detail */,
				24DCDCDA2444536700C45497 /* Person Detail */,
				2431A4E0243C34A900E7A62C /* ViewController.swift */,
				24432A53243DAB3D00421E35 /* SearchViewController.swift */,
				240229C9243EE45500DBF3A9 /* SeeAllViewController.swift */,
				240BD08024481C13009806B2 /* FavoriteViewController.swift */,
			);
			path = Controllers;
			sourceTree = "<group>";
		};
		2431A4F2243C364700E7A62C /* Views */ = {
			isa = PBXGroup;
			children = (
				24C82607244035E5004944E8 /* Person */,
				24C82606244035DD004944E8 /* Movie */,
				24432A59243DD73800421E35 /* UInib */,
				2431A4E2243C34A900E7A62C /* Main.storyboard */,
			);
			path = Views;
			sourceTree = "<group>";
		};
		2431A4F3243C365700E7A62C /* Models */ = {
			isa = PBXGroup;
			children = (
				2431A4F7243C3DF100E7A62C /* Movie.swift */,
				2431A4F9243C3E0100E7A62C /* Genre.swift */,
				245FD3A6243D8FE600C6A0D6 /* MovieDetail.swift */,
				240229CD243F16F400DBF3A9 /* Review.swift */,
				24C8260424403566004944E8 /* Person.swift */,
				2411612A24459E7E00854B89 /* User.swift */,
				245888A02446F98600F7511F /* FavoriteMovie.swift */,
			);
			path = Models;
			sourceTree = "<group>";
		};
		24432A59243DD73800421E35 /* UInib */ = {
			isa = PBXGroup;
			children = (
				2431A50A243C447700E7A62C /* PopularViewCell.xib */,
				2431A50E243C44C000E7A62C /* MovieCollectionViewCell.xib */,
				24432A56243DB7D400421E35 /* SearchTableViewCell.xib */,
				240229D0243F196500DBF3A9 /* ReviewTableViewCell.xib */,
				24C825FD2440304D004944E8 /* PersonCollectionViewCell.xib */,
				24C8260124403378004944E8 /* PersonTableViewCell.xib */,
			);
			path = UInib;
			sourceTree = "<group>";
		};
		24432A5A243DD75B00421E35 /* Movie Detail */ = {
			isa = PBXGroup;
			children = (
				2431A4FD243C41C800E7A62C /* MovieDetailViewController.swift */,
				2431A513243C861D00E7A62C /* MovieAboutViewController.swift */,
				245FD3A4243D883300C6A0D6 /* MovieInformationViewController.swift */,
				240229CB243F164600DBF3A9 /* MovieReviewViewController.swift */,
			);
			path = "Movie Detail";
			sourceTree = "<group>";
		};
		24C82606244035DD004944E8 /* Movie */ = {
			isa = PBXGroup;
			children = (
				2431A509243C447700E7A62C /* PopularViewCell.swift */,
				2431A50D243C44C000E7A62C /* MovieCollectionViewCell.swift */,
				24432A55243DB7D400421E35 /* SearchTableViewCell.swift */,
				240229CF243F196500DBF3A9 /* ReviewTableViewCell.swift */,
			);
			path = Movie;
			sourceTree = "<group>";
		};
		24C82607244035E5004944E8 /* Person */ = {
			isa = PBXGroup;
			children = (
				24C8260024403378004944E8 /* PersonTableViewCell.swift */,
				24C825FC2440304D004944E8 /* PersonCollectionViewCell.swift */,
			);
			path = Person;
			sourceTree = "<group>";
		};
		24DCDCD92444534400C45497 /* Account */ = {
			isa = PBXGroup;
			children = (
				24DCDCD324444D8E00C45497 /* AccountViewController.swift */,
				24DCDCD5244452C100C45497 /* ProfileViewController.swift */,
				24DCDCD72444532E00C45497 /* AccountAuthViewController.swift */,
				24DCDCDB24445FF200C45497 /* LoginViewController.swift */,
				24DCDCDD2444600400C45497 /* RegisterViewController.swift */,
			);
			path = Account;
			sourceTree = "<group>";
		};
		24DCDCDA2444536700C45497 /* Person Detail */ = {
			isa = PBXGroup;
			children = (
				24A6E66224405517003F6EE6 /* PersonDetailViewController.swift */,
			);
			path = "Person Detail";
			sourceTree = "<group>";
		};
		A61D80B7475E700EFFB41C41 /* Pods */ = {
			isa = PBXGroup;
			children = (
				87DD48CBF05F9418B9F5FB57 /* Pods-iplix.debug.xcconfig */,
				E59D7F60F5A2C6E7182D89FE /* Pods-iplix.release.xcconfig */,
			);
			path = Pods;
			sourceTree = "<group>";
		};
		EE110973CB97CAF610EFD32A /* Frameworks */ = {
			isa = PBXGroup;
			children = (
				24432A4B243D9DCF00421E35 /* Alamofire.framework */,
				59B408CB68927379C3E9DE9F /* Pods_iplix.framework */,
			);
			name = Frameworks;
			sourceTree = "<group>";
		};
/* End PBXGroup section */

/* Begin PBXNativeTarget section */
		2431A4D8243C34A900E7A62C /* iplix */ = {
			isa = PBXNativeTarget;
			buildConfigurationList = 2431A4ED243C34AC00E7A62C /* Build configuration list for PBXNativeTarget "iplix" */;
			buildPhases = (
				916F6386BD6B0612E2A7B991 /* [CP] Check Pods Manifest.lock */,
				2431A4D5243C34A900E7A62C /* Sources */,
				2431A4D6243C34A900E7A62C /* Frameworks */,
				2431A4D7243C34A900E7A62C /* Resources */,
				B47F19B04D1991914F7C9AA5 /* [CP] Embed Pods Frameworks */,
			);
			buildRules = (
			);
			dependencies = (
			);
			name = iplix;
			productName = iplix;
			productReference = 2431A4D9243C34A900E7A62C /* iplix.app */;
			productType = "com.apple.product-type.application";
		};
/* End PBXNativeTarget section */

/* Begin PBXProject section */
		2431A4D1243C34A900E7A62C /* Project object */ = {
			isa = PBXProject;
			attributes = {
				LastSwiftUpdateCheck = 1140;
				LastUpgradeCheck = 1140;
				ORGANIZATIONNAME = aldovernando;
				TargetAttributes = {
					2431A4D8243C34A900E7A62C = {
						CreatedOnToolsVersion = 11.4;
					};
				};
			};
			buildConfigurationList = 2431A4D4243C34A900E7A62C /* Build configuration list for PBXProject "iplix" */;
			compatibilityVersion = "Xcode 9.3";
			developmentRegion = en;
			hasScannedForEncodings = 0;
			knownRegions = (
				en,
				Base,
			);
			mainGroup = 2431A4D0243C34A900E7A62C;
			productRefGroup = 2431A4DA243C34A900E7A62C /* Products */;
			projectDirPath = "";
			projectRoot = "";
			targets = (
				2431A4D8243C34A900E7A62C /* iplix */,
			);
		};
/* End PBXProject section */

/* Begin PBXResourcesBuildPhase section */
		2431A4D7243C34A900E7A62C /* Resources */ = {
			isa = PBXResourcesBuildPhase;
			buildActionMask = 2147483647;
			files = (
				2431A510243C44C000E7A62C /* MovieCollectionViewCell.xib in Resources */,
				2431A4E9243C34AC00E7A62C /* LaunchScreen.storyboard in Resources */,
				24C8260324403378004944E8 /* PersonTableViewCell.xib in Resources */,
				2431A4E6243C34AC00E7A62C /* Assets.xcassets in Resources */,
				24C825FF2440304D004944E8 /* PersonCollectionViewCell.xib in Resources */,
				240229D2243F196500DBF3A9 /* ReviewTableViewCell.xib in Resources */,
				2431A50C243C447700E7A62C /* PopularViewCell.xib in Resources */,
				24DCDCD22444352B00C45497 /* GoogleService-Info.plist in Resources */,
				2431A4E4243C34A900E7A62C /* Main.storyboard in Resources */,
				24432A58243DB7D400421E35 /* SearchTableViewCell.xib in Resources */,
			);
			runOnlyForDeploymentPostprocessing = 0;
		};
/* End PBXResourcesBuildPhase section */

/* Begin PBXShellScriptBuildPhase section */
		916F6386BD6B0612E2A7B991 /* [CP] Check Pods Manifest.lock */ = {
			isa = PBXShellScriptBuildPhase;
			buildActionMask = 2147483647;
			files = (
			);
			inputFileListPaths = (
			);
			inputPaths = (
				"${PODS_PODFILE_DIR_PATH}/Podfile.lock",
				"${PODS_ROOT}/Manifest.lock",
			);
			name = "[CP] Check Pods Manifest.lock";
			outputFileListPaths = (
			);
			outputPaths = (
				"$(DERIVED_FILE_DIR)/Pods-iplix-checkManifestLockResult.txt",
			);
			runOnlyForDeploymentPostprocessing = 0;
			shellPath = /bin/sh;
			shellScript = "diff \"${PODS_PODFILE_DIR_PATH}/Podfile.lock\" \"${PODS_ROOT}/Manifest.lock\" > /dev/null\nif [ $? != 0 ] ; then\n    # print error to STDERR\n    echo \"error: The sandbox is not in sync with the Podfile.lock. Run 'pod install' or update your CocoaPods installation.\" >&2\n    exit 1\nfi\n# This output is used by Xcode 'outputs' to avoid re-running this script phase.\necho \"SUCCESS\" > \"${SCRIPT_OUTPUT_FILE_0}\"\n";
			showEnvVarsInLog = 0;
		};
		B47F19B04D1991914F7C9AA5 /* [CP] Embed Pods Frameworks */ = {
			isa = PBXShellScriptBuildPhase;
			buildActionMask = 2147483647;
			files = (
			);
			inputFileListPaths = (
				"${PODS_ROOT}/Target Support Files/Pods-iplix/Pods-iplix-frameworks-${CONFIGURATION}-input-files.xcfilelist",
			);
			name = "[CP] Embed Pods Frameworks";
			outputFileListPaths = (
				"${PODS_ROOT}/Target Support Files/Pods-iplix/Pods-iplix-frameworks-${CONFIGURATION}-output-files.xcfilelist",
			);
			runOnlyForDeploymentPostprocessing = 0;
			shellPath = /bin/sh;
			shellScript = "\"${PODS_ROOT}/Target Support Files/Pods-iplix/Pods-iplix-frameworks.sh\"\n";
			showEnvVarsInLog = 0;
		};
/* End PBXShellScriptBuildPhase section */

/* Begin PBXSourcesBuildPhase section */
		2431A4D5243C34A900E7A62C /* Sources */ = {
			isa = PBXSourcesBuildPhase;
			buildActionMask = 2147483647;
			files = (
				24DCDCDE2444600400C45497 /* RegisterViewController.swift in Sources */,
				2431A4F5243C36AB00E7A62C /* NetworkManager.swift in Sources */,
				245888A12446F98600F7511F /* FavoriteMovie.swift in Sources */,
				2431A4E1243C34A900E7A62C /* ViewController.swift in Sources */,
				2431A514243C861D00E7A62C /* MovieAboutViewController.swift in Sources */,
				2431A4DD243C34A900E7A62C /* AppDelegate.swift in Sources */,
				24C8260524403566004944E8 /* Person.swift in Sources */,
				245FD3A5243D883300C6A0D6 /* MovieInformationViewController.swift in Sources */,
				24DCDCD82444532E00C45497 /* AccountAuthViewController.swift in Sources */,
				2411612B24459E7E00854B89 /* User.swift in Sources */,
				24DCDCD6244452C100C45497 /* ProfileViewController.swift in Sources */,
				240229CC243F164600DBF3A9 /* MovieReviewViewController.swift in Sources */,
				2431A4FE243C41C800E7A62C /* MovieDetailViewController.swift in Sources */,
				2431A4FA243C3E0100E7A62C /* Genre.swift in Sources */,
				24432A54243DAB3D00421E35 /* SearchViewController.swift in Sources */,
				24432A57243DB7D400421E35 /* SearchTableViewCell.swift in Sources */,
				240229CE243F16F400DBF3A9 /* Review.swift in Sources */,
				24C8260224403378004944E8 /* PersonTableViewCell.swift in Sources */,
				2411612924459A8900854B89 /* FirebaseManager.swift in Sources */,
				245FD3A7243D8FE600C6A0D6 /* MovieDetail.swift in Sources */,
				24A6E66324405517003F6EE6 /* PersonDetailViewController.swift in Sources */,
				2431A4DF243C34A900E7A62C /* SceneDelegate.swift in Sources */,
				240BD08124481C13009806B2 /* FavoriteViewController.swift in Sources */,
				24DCDCD424444D8E00C45497 /* AccountViewController.swift in Sources */,
				2431A50F243C44C000E7A62C /* MovieCollectionViewCell.swift in Sources */,
				2431A4F8243C3DF100E7A62C /* Movie.swift in Sources */,
				245888A32446FE5900F7511F /* RealmManager.swift in Sources */,
				2431A50B243C447700E7A62C /* PopularViewCell.swift in Sources */,
				240229CA243EE45500DBF3A9 /* SeeAllViewController.swift in Sources */,
				240229D1243F196500DBF3A9 /* ReviewTableViewCell.swift in Sources */,
				24DCDCDC24445FF200C45497 /* LoginViewController.swift in Sources */,
				24C825FE2440304D004944E8 /* PersonCollectionViewCell.swift in Sources */,
			);
			runOnlyForDeploymentPostprocessing = 0;
		};
/* End PBXSourcesBuildPhase section */

/* Begin PBXVariantGroup section */
		2431A4E2243C34A900E7A62C /* Main.storyboard */ = {
			isa = PBXVariantGroup;
			children = (
				2431A4E3243C34A900E7A62C /* Base */,
			);
			name = Main.storyboard;
			sourceTree = "<group>";
		};
		2431A4E7243C34AC00E7A62C /* LaunchScreen.storyboard */ = {
			isa = PBXVariantGroup;
			children = (
				2431A4E8243C34AC00E7A62C /* Base */,
			);
			name = LaunchScreen.storyboard;
			sourceTree = "<group>";
		};
/* End PBXVariantGroup section */

/* Begin XCBuildConfiguration section */
		2431A4EB243C34AC00E7A62C /* Debug */ = {
			isa = XCBuildConfiguration;
			buildSettings = {
				ALWAYS_SEARCH_USER_PATHS = NO;
				CLANG_ANALYZER_NONNULL = YES;
				CLANG_ANALYZER_NUMBER_OBJECT_CONVERSION = YES_AGGRESSIVE;
				CLANG_CXX_LANGUAGE_STANDARD = "gnu++14";
				CLANG_CXX_LIBRARY = "libc++";
				CLANG_ENABLE_MODULES = YES;
				CLANG_ENABLE_OBJC_ARC = YES;
				CLANG_ENABLE_OBJC_WEAK = YES;
				CLANG_WARN_BLOCK_CAPTURE_AUTORELEASING = YES;
				CLANG_WARN_BOOL_CONVERSION = YES;
				CLANG_WARN_COMMA = YES;
				CLANG_WARN_CONSTANT_CONVERSION = YES;
				CLANG_WARN_DEPRECATED_OBJC_IMPLEMENTATIONS = YES;
				CLANG_WARN_DIRECT_OBJC_ISA_USAGE = YES_ERROR;
				CLANG_WARN_DOCUMENTATION_COMMENTS = YES;
				CLANG_WARN_EMPTY_BODY = YES;
				CLANG_WARN_ENUM_CONVERSION = YES;
				CLANG_WARN_INFINITE_RECURSION = YES;
				CLANG_WARN_INT_CONVERSION = YES;
				CLANG_WARN_NON_LITERAL_NULL_CONVERSION = YES;
				CLANG_WARN_OBJC_IMPLICIT_RETAIN_SELF = YES;
				CLANG_WARN_OBJC_LITERAL_CONVERSION = YES;
				CLANG_WARN_OBJC_ROOT_CLASS = YES_ERROR;
				CLANG_WARN_RANGE_LOOP_ANALYSIS = YES;
				CLANG_WARN_STRICT_PROTOTYPES = YES;
				CLANG_WARN_SUSPICIOUS_MOVE = YES;
				CLANG_WARN_UNGUARDED_AVAILABILITY = YES_AGGRESSIVE;
				CLANG_WARN_UNREACHABLE_CODE = YES;
				CLANG_WARN__DUPLICATE_METHOD_MATCH = YES;
				COPY_PHASE_STRIP = NO;
				DEBUG_INFORMATION_FORMAT = dwarf;
				ENABLE_STRICT_OBJC_MSGSEND = YES;
				ENABLE_TESTABILITY = YES;
				GCC_C_LANGUAGE_STANDARD = gnu11;
				GCC_DYNAMIC_NO_PIC = NO;
				GCC_NO_COMMON_BLOCKS = YES;
				GCC_OPTIMIZATION_LEVEL = 0;
				GCC_PREPROCESSOR_DEFINITIONS = (
					"DEBUG=1",
					"$(inherited)",
				);
				GCC_WARN_64_TO_32_BIT_CONVERSION = YES;
				GCC_WARN_ABOUT_RETURN_TYPE = YES_ERROR;
				GCC_WARN_UNDECLARED_SELECTOR = YES;
				GCC_WARN_UNINITIALIZED_AUTOS = YES_AGGRESSIVE;
				GCC_WARN_UNUSED_FUNCTION = YES;
				GCC_WARN_UNUSED_VARIABLE = YES;
				IPHONEOS_DEPLOYMENT_TARGET = 13.4;
				MTL_ENABLE_DEBUG_INFO = INCLUDE_SOURCE;
				MTL_FAST_MATH = YES;
				ONLY_ACTIVE_ARCH = YES;
				SDKROOT = iphoneos;
				SWIFT_ACTIVE_COMPILATION_CONDITIONS = DEBUG;
				SWIFT_OPTIMIZATION_LEVEL = "-Onone";
			};
			name = Debug;
		};
		2431A4EC243C34AC00E7A62C /* Release */ = {
			isa = XCBuildConfiguration;
			buildSettings = {
				ALWAYS_SEARCH_USER_PATHS = NO;
				CLANG_ANALYZER_NONNULL = YES;
				CLANG_ANALYZER_NUMBER_OBJECT_CONVERSION = YES_AGGRESSIVE;
				CLANG_CXX_LANGUAGE_STANDARD = "gnu++14";
				CLANG_CXX_LIBRARY = "libc++";
				CLANG_ENABLE_MODULES = YES;
				CLANG_ENABLE_OBJC_ARC = YES;
				CLANG_ENABLE_OBJC_WEAK = YES;
				CLANG_WARN_BLOCK_CAPTURE_AUTORELEASING = YES;
				CLANG_WARN_BOOL_CONVERSION = YES;
				CLANG_WARN_COMMA = YES;
				CLANG_WARN_CONSTANT_CONVERSION = YES;
				CLANG_WARN_DEPRECATED_OBJC_IMPLEMENTATIONS = YES;
				CLANG_WARN_DIRECT_OBJC_ISA_USAGE = YES_ERROR;
				CLANG_WARN_DOCUMENTATION_COMMENTS = YES;
				CLANG_WARN_EMPTY_BODY = YES;
				CLANG_WARN_ENUM_CONVERSION = YES;
				CLANG_WARN_INFINITE_RECURSION = YES;
				CLANG_WARN_INT_CONVERSION = YES;
				CLANG_WARN_NON_LITERAL_NULL_CONVERSION = YES;
				CLANG_WARN_OBJC_IMPLICIT_RETAIN_SELF = YES;
				CLANG_WARN_OBJC_LITERAL_CONVERSION = YES;
				CLANG_WARN_OBJC_ROOT_CLASS = YES_ERROR;
				CLANG_WARN_RANGE_LOOP_ANALYSIS = YES;
				CLANG_WARN_STRICT_PROTOTYPES = YES;
				CLANG_WARN_SUSPICIOUS_MOVE = YES;
				CLANG_WARN_UNGUARDED_AVAILABILITY = YES_AGGRESSIVE;
				CLANG_WARN_UNREACHABLE_CODE = YES;
				CLANG_WARN__DUPLICATE_METHOD_MATCH = YES;
				COPY_PHASE_STRIP = NO;
				DEBUG_INFORMATION_FORMAT = "dwarf-with-dsym";
				ENABLE_NS_ASSERTIONS = NO;
				ENABLE_STRICT_OBJC_MSGSEND = YES;
				GCC_C_LANGUAGE_STANDARD = gnu11;
				GCC_NO_COMMON_BLOCKS = YES;
				GCC_WARN_64_TO_32_BIT_CONVERSION = YES;
				GCC_WARN_ABOUT_RETURN_TYPE = YES_ERROR;
				GCC_WARN_UNDECLARED_SELECTOR = YES;
				GCC_WARN_UNINITIALIZED_AUTOS = YES_AGGRESSIVE;
				GCC_WARN_UNUSED_FUNCTION = YES;
				GCC_WARN_UNUSED_VARIABLE = YES;
				IPHONEOS_DEPLOYMENT_TARGET = 13.4;
				MTL_ENABLE_DEBUG_INFO = NO;
				MTL_FAST_MATH = YES;
				SDKROOT = iphoneos;
				SWIFT_COMPILATION_MODE = wholemodule;
				SWIFT_OPTIMIZATION_LEVEL = "-O";
				VALIDATE_PRODUCT = YES;
			};
			name = Release;
		};
		2431A4EE243C34AC00E7A62C /* Debug */ = {
			isa = XCBuildConfiguration;
			baseConfigurationReference = 87DD48CBF05F9418B9F5FB57 /* Pods-iplix.debug.xcconfig */;
			buildSettings = {
				ASSETCATALOG_COMPILER_APPICON_NAME = AppIcon;
				CODE_SIGN_STYLE = Automatic;
				DEVELOPMENT_TEAM = LR4V7R375P;
				INFOPLIST_FILE = iplix/Info.plist;
				IPHONEOS_DEPLOYMENT_TARGET = 13.4;
				LD_RUNPATH_SEARCH_PATHS = (
					"$(inherited)",
					"@executable_path/Frameworks",
				);
				PRODUCT_BUNDLE_IDENTIFIER = com.aldovernando.iplix;
				PRODUCT_NAME = iplix;
				SWIFT_VERSION = 5.0;
				TARGETED_DEVICE_FAMILY = 1;
			};
			name = Debug;
		};
		2431A4EF243C34AC00E7A62C /* Release */ = {
			isa = XCBuildConfiguration;
			baseConfigurationReference = E59D7F60F5A2C6E7182D89FE /* Pods-iplix.release.xcconfig */;
			buildSettings = {
				ASSETCATALOG_COMPILER_APPICON_NAME = AppIcon;
				CODE_SIGN_STYLE = Automatic;
				DEVELOPMENT_TEAM = LR4V7R375P;
				INFOPLIST_FILE = iplix/Info.plist;
				IPHONEOS_DEPLOYMENT_TARGET = 13.4;
				LD_RUNPATH_SEARCH_PATHS = (
					"$(inherited)",
					"@executable_path/Frameworks",
				);
				PRODUCT_BUNDLE_IDENTIFIER = com.aldovernando.iplix;
				PRODUCT_NAME = iplix;
				SWIFT_VERSION = 5.0;
				TARGETED_DEVICE_FAMILY = 1;
			};
			name = Release;
		};
/* End XCBuildConfiguration section */

/* Begin XCConfigurationList section */
		2431A4D4243C34A900E7A62C /* Build configuration list for PBXProject "iplix" */ = {
			isa = XCConfigurationList;
			buildConfigurations = (
				2431A4EB243C34AC00E7A62C /* Debug */,
				2431A4EC243C34AC00E7A62C /* Release */,
			);
			defaultConfigurationIsVisible = 0;
			defaultConfigurationName = Release;
		};
		2431A4ED243C34AC00E7A62C /* Build configuration list for PBXNativeTarget "iplix" */ = {
			isa = XCConfigurationList;
			buildConfigurations = (
				2431A4EE243C34AC00E7A62C /* Debug */,
				2431A4EF243C34AC00E7A62C /* Release */,
			);
			defaultConfigurationIsVisible = 0;
			defaultConfigurationName = Release;
		};
/* End XCConfigurationList section */
	};
	rootObject = 2431A4D1243C34A900E7A62C /* Project object */;
}
